
Microsoft Visual Studio Solution File, Format Version 12.00
# Visual Studio Version 16
VisualStudioVersion = 16.0.29411.108
MinimumVisualStudioVersion = 10.0.40219.1
Project("{FAE04EC0-301F-11D3-BF4B-00C04F79EFBC}") = "Step 103", "Step 103.csproj", "{D90C1ABC-A77C-47ED-94A9-900CFD48FE3B}"
EndProject
Global
	GlobalSection(SolutionConfigurationPlatforms) = preSolution
		Debug|Any CPU = Debug|Any CPU
		Release|Any CPU = Release|Any CPU
	EndGlobalSection
	GlobalSection(ProjectConfigurationPlatforms) = postSolution
		{D90C1ABC-A77C-47ED-94A9-900CFD48FE3B}.Debug|Any CPU.ActiveCfg = Debug|Any CPU
		{D90C1ABC-A77C-47ED-94A9-900CFD48FE3B}.Debug|Any CPU.Build.0 = Debug|Any CPU
		{D90C1ABC-A77C-47ED-94A9-900CFD48FE3B}.Release|Any CPU.ActiveCfg = Release|Any CPU
		{D90C1ABC-A77C-47ED-94A9-900CFD48FE3B}.Release|Any CPU.Build.0 = Release|Any CPU
	EndGlobalSection
	GlobalSection(SolutionProperties) = preSolution
		HideSolutionNode = FALSE
	EndGlobalSection
	GlobalSection(ExtensibilityGlobals) = postSolution
		SolutionGuid = {B88D1AC8-A66F-4879-8F68-D5FBA9965174}
	EndGlobalSection
EndGlobal
