
Microsoft Visual Studio Solution File, Format Version 12.00
# Visual Studio Version 16
VisualStudioVersion = 16.0.29411.108
MinimumVisualStudioVersion = 10.0.40219.1
Project("{FAE04EC0-301F-11D3-BF4B-00C04F79EFBC}") = "Drill 92", "Drill 92.csproj", "{7DF7ED17-8FFA-48A9-A5E2-1A7395A29B2B}"
EndProject
Global
	GlobalSection(SolutionConfigurationPlatforms) = preSolution
		Debug|Any CPU = Debug|Any CPU
		Release|Any CPU = Release|Any CPU
	EndGlobalSection
	GlobalSection(ProjectConfigurationPlatforms) = postSolution
		{7DF7ED17-8FFA-48A9-A5E2-1A7395A29B2B}.Debug|Any CPU.ActiveCfg = Debug|Any CPU
		{7DF7ED17-8FFA-48A9-A5E2-1A7395A29B2B}.Debug|Any CPU.Build.0 = Debug|Any CPU
		{7DF7ED17-8FFA-48A9-A5E2-1A7395A29B2B}.Release|Any CPU.ActiveCfg = Release|Any CPU
		{7DF7ED17-8FFA-48A9-A5E2-1A7395A29B2B}.Release|Any CPU.Build.0 = Release|Any CPU
	EndGlobalSection
	GlobalSection(SolutionProperties) = preSolution
		HideSolutionNode = FALSE
	EndGlobalSection
	GlobalSection(ExtensibilityGlobals) = postSolution
		SolutionGuid = {F0DA00CA-2D7D-4741-871B-B4D9D10B493B}
	EndGlobalSection
EndGlobal
