
Microsoft Visual Studio Solution File, Format Version 12.00
# Visual Studio Version 16
VisualStudioVersion = 16.0.29411.108
MinimumVisualStudioVersion = 10.0.40219.1
Project("{FAE04EC0-301F-11D3-BF4B-00C04F79EFBC}") = "Drill 75", "Drill 75.csproj", "{F08807AA-B0BC-474F-9542-4701B29361E5}"
EndProject
Global
	GlobalSection(SolutionConfigurationPlatforms) = preSolution
		Debug|Any CPU = Debug|Any CPU
		Release|Any CPU = Release|Any CPU
	EndGlobalSection
	GlobalSection(ProjectConfigurationPlatforms) = postSolution
		{F08807AA-B0BC-474F-9542-4701B29361E5}.Debug|Any CPU.ActiveCfg = Debug|Any CPU
		{F08807AA-B0BC-474F-9542-4701B29361E5}.Debug|Any CPU.Build.0 = Debug|Any CPU
		{F08807AA-B0BC-474F-9542-4701B29361E5}.Release|Any CPU.ActiveCfg = Release|Any CPU
		{F08807AA-B0BC-474F-9542-4701B29361E5}.Release|Any CPU.Build.0 = Release|Any CPU
	EndGlobalSection
	GlobalSection(SolutionProperties) = preSolution
		HideSolutionNode = FALSE
	EndGlobalSection
	GlobalSection(ExtensibilityGlobals) = postSolution
		SolutionGuid = {9D5A1280-DC5B-4478-B662-308DA5B5F2B8}
	EndGlobalSection
EndGlobal
