
Microsoft Visual Studio Solution File, Format Version 12.00
# Visual Studio Version 16
VisualStudioVersion = 16.0.29503.13
MinimumVisualStudioVersion = 10.0.40219.1
Project("{FAE04EC0-301F-11D3-BF4B-00C04F79EFBC}") = "Drill 117", "Drill 117.csproj", "{58F4D041-F74D-4FD2-9629-44FFF166796E}"
EndProject
Global
	GlobalSection(SolutionConfigurationPlatforms) = preSolution
		Debug|Any CPU = Debug|Any CPU
		Release|Any CPU = Release|Any CPU
	EndGlobalSection
	GlobalSection(ProjectConfigurationPlatforms) = postSolution
		{58F4D041-F74D-4FD2-9629-44FFF166796E}.Debug|Any CPU.ActiveCfg = Debug|Any CPU
		{58F4D041-F74D-4FD2-9629-44FFF166796E}.Debug|Any CPU.Build.0 = Debug|Any CPU
		{58F4D041-F74D-4FD2-9629-44FFF166796E}.Release|Any CPU.ActiveCfg = Release|Any CPU
		{58F4D041-F74D-4FD2-9629-44FFF166796E}.Release|Any CPU.Build.0 = Release|Any CPU
	EndGlobalSection
	GlobalSection(SolutionProperties) = preSolution
		HideSolutionNode = FALSE
	EndGlobalSection
	GlobalSection(ExtensibilityGlobals) = postSolution
		SolutionGuid = {F8D9C621-8B94-4005-A2D2-9F6EC0242E2D}
	EndGlobalSection
EndGlobal
