
Microsoft Visual Studio Solution File, Format Version 12.00
# Visual Studio Version 16
VisualStudioVersion = 16.0.29503.13
MinimumVisualStudioVersion = 10.0.40219.1
Project("{FAE04EC0-301F-11D3-BF4B-00C04F79EFBC}") = "Drill 120", "Drill 120.csproj", "{031FC163-5A53-48E9-8EB0-81F9A3F818F6}"
EndProject
Global
	GlobalSection(SolutionConfigurationPlatforms) = preSolution
		Debug|Any CPU = Debug|Any CPU
		Release|Any CPU = Release|Any CPU
	EndGlobalSection
	GlobalSection(ProjectConfigurationPlatforms) = postSolution
		{031FC163-5A53-48E9-8EB0-81F9A3F818F6}.Debug|Any CPU.ActiveCfg = Debug|Any CPU
		{031FC163-5A53-48E9-8EB0-81F9A3F818F6}.Debug|Any CPU.Build.0 = Debug|Any CPU
		{031FC163-5A53-48E9-8EB0-81F9A3F818F6}.Release|Any CPU.ActiveCfg = Release|Any CPU
		{031FC163-5A53-48E9-8EB0-81F9A3F818F6}.Release|Any CPU.Build.0 = Release|Any CPU
	EndGlobalSection
	GlobalSection(SolutionProperties) = preSolution
		HideSolutionNode = FALSE
	EndGlobalSection
	GlobalSection(ExtensibilityGlobals) = postSolution
		SolutionGuid = {01B49CBA-E31D-4DB6-A224-195AC5A51CC1}
	EndGlobalSection
EndGlobal
